// !$*UTF8*$!
{
	archiveVersion = 1;
	classes = {
	};
	objectVersion = 50;
	objects = {

/* Begin PBXBuildFile section */
		0122821EB4660A639DA74DA1 /* Pods_espresso.framework in Frameworks */ = {isa = PBXBuildFile; fileRef = EE4337F51BCA273B3BA2F992 /* Pods_espresso.framework */; };
		64554DF821A22AAD008B2E66 /* Info.plist in Resources */ = {isa = PBXBuildFile; fileRef = 64C464B92193E74A004D4EA7 /* Info.plist */; };
		64554DFA21A23789008B2E66 /* GoogleService-Info.plist in Resources */ = {isa = PBXBuildFile; fileRef = 64554DF921A23789008B2E66 /* GoogleService-Info.plist */; };
		64554DFC21A26BD1008B2E66 /* LoginViewController.swift in Sources */ = {isa = PBXBuildFile; fileRef = 64554DFB21A26BD1008B2E66 /* LoginViewController.swift */; };
		64554DFE21A26DD9008B2E66 /* SignUpViewController.swift in Sources */ = {isa = PBXBuildFile; fileRef = 64554DFD21A26DD9008B2E66 /* SignUpViewController.swift */; };
		64C464AE2193E747004D4EA7 /* AppDelegate.swift in Sources */ = {isa = PBXBuildFile; fileRef = 64C464AD2193E747004D4EA7 /* AppDelegate.swift */; };
		64C464B32193E747004D4EA7 /* Main.storyboard in Resources */ = {isa = PBXBuildFile; fileRef = 64C464B12193E747004D4EA7 /* Main.storyboard */; };
		64C464B52193E74A004D4EA7 /* Assets.xcassets in Resources */ = {isa = PBXBuildFile; fileRef = 64C464B42193E74A004D4EA7 /* Assets.xcassets */; };
		64C464B82193E74A004D4EA7 /* LaunchScreen.storyboard in Resources */ = {isa = PBXBuildFile; fileRef = 64C464B62193E74A004D4EA7 /* LaunchScreen.storyboard */; };
		64E846CC219D1B7200FD9376 /* HomeViewController.swift in Sources */ = {isa = PBXBuildFile; fileRef = 64E846CB219D1B7200FD9376 /* HomeViewController.swift */; };
		64E846CE219D1BC400FD9376 /* AddDrinkViewController.swift in Sources */ = {isa = PBXBuildFile; fileRef = 64E846CD219D1BC400FD9376 /* AddDrinkViewController.swift */; };
		64E846D0219D1C4000FD9376 /* MainTabBarController.swift in Sources */ = {isa = PBXBuildFile; fileRef = 64E846CF219D1C4000FD9376 /* MainTabBarController.swift */; };
		64E846D2219D1C9600FD9376 /* SpendingTabController.swift in Sources */ = {isa = PBXBuildFile; fileRef = 64E846D1219D1C9600FD9376 /* SpendingTabController.swift */; };
		64E846D4219D1D3A00FD9376 /* CurrentViewController.swift in Sources */ = {isa = PBXBuildFile; fileRef = 64E846D3219D1D3A00FD9376 /* CurrentViewController.swift */; };
		64E846D6219D1D5A00FD9376 /* HistoryViewController.swift in Sources */ = {isa = PBXBuildFile; fileRef = 64E846D5219D1D5A00FD9376 /* HistoryViewController.swift */; };
		64E846DC219D1F9F00FD9376 /* NavigationController.swift in Sources */ = {isa = PBXBuildFile; fileRef = 64E846DB219D1F9F00FD9376 /* NavigationController.swift */; };
/* End PBXBuildFile section */

/* Begin PBXFileReference section */
		3F23E4129B9FEFCE7612D9F0 /* Pods-espresso.release.xcconfig */ = {isa = PBXFileReference; includeInIndex = 1; lastKnownFileType = text.xcconfig; name = "Pods-espresso.release.xcconfig"; path = "Pods/Target Support Files/Pods-espresso/Pods-espresso.release.xcconfig"; sourceTree = "<group>"; };
		64554DF521A22A93008B2E66 /* OpenSans-Regular.ttf */ = {isa = PBXFileReference; lastKnownFileType = file; path = "OpenSans-Regular.ttf"; sourceTree = "<group>"; };
		64554DF621A22A93008B2E66 /* OpenSans-Bold.ttf */ = {isa = PBXFileReference; lastKnownFileType = file; path = "OpenSans-Bold.ttf"; sourceTree = "<group>"; };
		64554DF721A22A93008B2E66 /* OpenSans-Semibold.ttf */ = {isa = PBXFileReference; lastKnownFileType = file; path = "OpenSans-Semibold.ttf"; sourceTree = "<group>"; };
		64554DF921A23789008B2E66 /* GoogleService-Info.plist */ = {isa = PBXFileReference; fileEncoding = 4; lastKnownFileType = text.plist.xml; name = "GoogleService-Info.plist"; path = "../../GoogleService-Info.plist"; sourceTree = "<group>"; };
		64554DFB21A26BD1008B2E66 /* LoginViewController.swift */ = {isa = PBXFileReference; lastKnownFileType = sourcecode.swift; path = LoginViewController.swift; sourceTree = "<group>"; };
		64554DFD21A26DD9008B2E66 /* SignUpViewController.swift */ = {isa = PBXFileReference; lastKnownFileType = sourcecode.swift; path = SignUpViewController.swift; sourceTree = "<group>"; };
		64C464AA2193E747004D4EA7 /* espresso.app */ = {isa = PBXFileReference; explicitFileType = wrapper.application; includeInIndex = 0; path = espresso.app; sourceTree = BUILT_PRODUCTS_DIR; };
		64C464AD2193E747004D4EA7 /* AppDelegate.swift */ = {isa = PBXFileReference; lastKnownFileType = sourcecode.swift; path = AppDelegate.swift; sourceTree = "<group>"; };
		64C464B22193E747004D4EA7 /* Base */ = {isa = PBXFileReference; lastKnownFileType = file.storyboard; name = Base; path = Base.lproj/Main.storyboard; sourceTree = "<group>"; };
		64C464B42193E74A004D4EA7 /* Assets.xcassets */ = {isa = PBXFileReference; lastKnownFileType = folder.assetcatalog; path = Assets.xcassets; sourceTree = "<group>"; };
		64C464B72193E74A004D4EA7 /* Base */ = {isa = PBXFileReference; lastKnownFileType = file.storyboard; name = Base; path = Base.lproj/LaunchScreen.storyboard; sourceTree = "<group>"; };
		64C464B92193E74A004D4EA7 /* Info.plist */ = {isa = PBXFileReference; lastKnownFileType = text.plist.xml; path = Info.plist; sourceTree = "<group>"; };
		64E846CB219D1B7200FD9376 /* HomeViewController.swift */ = {isa = PBXFileReference; lastKnownFileType = sourcecode.swift; path = HomeViewController.swift; sourceTree = "<group>"; };
		64E846CD219D1BC400FD9376 /* AddDrinkViewController.swift */ = {isa = PBXFileReference; lastKnownFileType = sourcecode.swift; path = AddDrinkViewController.swift; sourceTree = "<group>"; };
		64E846CF219D1C4000FD9376 /* MainTabBarController.swift */ = {isa = PBXFileReference; lastKnownFileType = sourcecode.swift; path = MainTabBarController.swift; sourceTree = "<group>"; };
		64E846D1219D1C9600FD9376 /* SpendingTabController.swift */ = {isa = PBXFileReference; lastKnownFileType = sourcecode.swift; path = SpendingTabController.swift; sourceTree = "<group>"; };
		64E846D3219D1D3A00FD9376 /* CurrentViewController.swift */ = {isa = PBXFileReference; lastKnownFileType = sourcecode.swift; path = CurrentViewController.swift; sourceTree = "<group>"; };
		64E846D5219D1D5A00FD9376 /* HistoryViewController.swift */ = {isa = PBXFileReference; lastKnownFileType = sourcecode.swift; path = HistoryViewController.swift; sourceTree = "<group>"; };
		64E846DB219D1F9F00FD9376 /* NavigationController.swift */ = {isa = PBXFileReference; lastKnownFileType = sourcecode.swift; path = NavigationController.swift; sourceTree = "<group>"; };
		953BCF6ABBDDBF848BD8FA9A /* Pods-espresso.debug.xcconfig */ = {isa = PBXFileReference; includeInIndex = 1; lastKnownFileType = text.xcconfig; name = "Pods-espresso.debug.xcconfig"; path = "Pods/Target Support Files/Pods-espresso/Pods-espresso.debug.xcconfig"; sourceTree = "<group>"; };
		EE4337F51BCA273B3BA2F992 /* Pods_espresso.framework */ = {isa = PBXFileReference; explicitFileType = wrapper.framework; includeInIndex = 0; path = Pods_espresso.framework; sourceTree = BUILT_PRODUCTS_DIR; };
/* End PBXFileReference section */

/* Begin PBXFrameworksBuildPhase section */
		64C464A72193E746004D4EA7 /* Frameworks */ = {
			isa = PBXFrameworksBuildPhase;
			buildActionMask = 2147483647;
			files = (
				0122821EB4660A639DA74DA1 /* Pods_espresso.framework in Frameworks */,
			);
			runOnlyForDeploymentPostprocessing = 0;
		};
/* End PBXFrameworksBuildPhase section */

/* Begin PBXGroup section */
		64554DF421A22A92008B2E66 /* fonts */ = {
			isa = PBXGroup;
			children = (
				64554DF621A22A93008B2E66 /* OpenSans-Bold.ttf */,
				64554DF521A22A93008B2E66 /* OpenSans-Regular.ttf */,
				64554DF721A22A93008B2E66 /* OpenSans-Semibold.ttf */,
			);
			path = fonts;
			sourceTree = "<group>";
		};
		64C464A12193E746004D4EA7 = {
			isa = PBXGroup;
			children = (
				64554DF921A23789008B2E66 /* GoogleService-Info.plist */,
				64C464AC2193E747004D4EA7 /* espresso */,
				64C464AB2193E747004D4EA7 /* Products */,
				F10B106B80E1A64616A4D709 /* Pods */,
				668052F2FC9F7A9DBC221298 /* Frameworks */,
			);
			sourceTree = "<group>";
		};
		64C464AB2193E747004D4EA7 /* Products */ = {
			isa = PBXGroup;
			children = (
				64C464AA2193E747004D4EA7 /* espresso.app */,
			);
			name = Products;
			sourceTree = "<group>";
		};
		64C464AC2193E747004D4EA7 /* espresso */ = {
			isa = PBXGroup;
			children = (
				64E846CA219D1AF100FD9376 /* Model */,
				64E846C9219D1ABC00FD9376 /* View Controller */,
				64C464AD2193E747004D4EA7 /* AppDelegate.swift */,
				64C464B12193E747004D4EA7 /* Main.storyboard */,
				64C464B42193E74A004D4EA7 /* Assets.xcassets */,
				64C464B62193E74A004D4EA7 /* LaunchScreen.storyboard */,
				64C464B92193E74A004D4EA7 /* Info.plist */,
				64554DF421A22A92008B2E66 /* fonts */,
			);
			path = espresso;
			sourceTree = "<group>";
		};
		64E846C9219D1ABC00FD9376 /* View Controller */ = {
			isa = PBXGroup;
			children = (
				64E846CB219D1B7200FD9376 /* HomeViewController.swift */,
				64E846CD219D1BC400FD9376 /* AddDrinkViewController.swift */,
				64E846CF219D1C4000FD9376 /* MainTabBarController.swift */,
				64E846D1219D1C9600FD9376 /* SpendingTabController.swift */,
				64E846D3219D1D3A00FD9376 /* CurrentViewController.swift */,
				64E846D5219D1D5A00FD9376 /* HistoryViewController.swift */,
				64E846DB219D1F9F00FD9376 /* NavigationController.swift */,
				64554DFB21A26BD1008B2E66 /* LoginViewController.swift */,
				64554DFD21A26DD9008B2E66 /* SignUpViewController.swift */,
			);
			path = "View Controller";
			sourceTree = "<group>";
		};
		64E846CA219D1AF100FD9376 /* Model */ = {
			isa = PBXGroup;
			children = (
			);
			path = Model;
			sourceTree = "<group>";
		};
		668052F2FC9F7A9DBC221298 /* Frameworks */ = {
			isa = PBXGroup;
			children = (
				EE4337F51BCA273B3BA2F992 /* Pods_espresso.framework */,
			);
			name = Frameworks;
			sourceTree = "<group>";
		};
		F10B106B80E1A64616A4D709 /* Pods */ = {
			isa = PBXGroup;
			children = (
				953BCF6ABBDDBF848BD8FA9A /* Pods-espresso.debug.xcconfig */,
				3F23E4129B9FEFCE7612D9F0 /* Pods-espresso.release.xcconfig */,
			);
			name = Pods;
			sourceTree = "<group>";
		};
/* End PBXGroup section */

/* Begin PBXNativeTarget section */
		64C464A92193E746004D4EA7 /* espresso */ = {
			isa = PBXNativeTarget;
			buildConfigurationList = 64C464BC2193E74A004D4EA7 /* Build configuration list for PBXNativeTarget "espresso" */;
			buildPhases = (
				F1D4A562CBC7EF515A8E8F2E /* [CP] Check Pods Manifest.lock */,
				64C464A62193E746004D4EA7 /* Sources */,
				64C464A72193E746004D4EA7 /* Frameworks */,
				64C464A82193E746004D4EA7 /* Resources */,
				FE0D833C8506564CECA5C7F0 /* [CP] Embed Pods Frameworks */,
			);
			buildRules = (
			);
			dependencies = (
			);
			name = espresso;
			productName = espresso;
			productReference = 64C464AA2193E747004D4EA7 /* espresso.app */;
			productType = "com.apple.product-type.application";
		};
/* End PBXNativeTarget section */

/* Begin PBXProject section */
		64C464A22193E746004D4EA7 /* Project object */ = {
			isa = PBXProject;
			attributes = {
				LastSwiftUpdateCheck = 0940;
				LastUpgradeCheck = 0940;
				ORGANIZATIONNAME = "Jennifer iOS";
				TargetAttributes = {
					64C464A92193E746004D4EA7 = {
						CreatedOnToolsVersion = 9.4.1;
					};
				};
			};
			buildConfigurationList = 64C464A52193E746004D4EA7 /* Build configuration list for PBXProject "espresso" */;
			compatibilityVersion = "Xcode 9.3";
			developmentRegion = en;
			hasScannedForEncodings = 0;
			knownRegions = (
				en,
				Base,
			);
			mainGroup = 64C464A12193E746004D4EA7;
			productRefGroup = 64C464AB2193E747004D4EA7 /* Products */;
			projectDirPath = "";
			projectRoot = "";
			targets = (
				64C464A92193E746004D4EA7 /* espresso */,
			);
		};
/* End PBXProject section */

/* Begin PBXResourcesBuildPhase section */
		64C464A82193E746004D4EA7 /* Resources */ = {
			isa = PBXResourcesBuildPhase;
			buildActionMask = 2147483647;
			files = (
				64554DFA21A23789008B2E66 /* GoogleService-Info.plist in Resources */,
				64C464B82193E74A004D4EA7 /* LaunchScreen.storyboard in Resources */,
				64C464B52193E74A004D4EA7 /* Assets.xcassets in Resources */,
				64C464B32193E747004D4EA7 /* Main.storyboard in Resources */,
				64554DF821A22AAD008B2E66 /* Info.plist in Resources */,
			);
			runOnlyForDeploymentPostprocessing = 0;
		};
/* End PBXResourcesBuildPhase section */

/* Begin PBXShellScriptBuildPhase section */
		F1D4A562CBC7EF515A8E8F2E /* [CP] Check Pods Manifest.lock */ = {
			isa = PBXShellScriptBuildPhase;
			buildActionMask = 2147483647;
			files = (
			);
			inputPaths = (
				"${PODS_PODFILE_DIR_PATH}/Podfile.lock",
				"${PODS_ROOT}/Manifest.lock",
			);
			name = "[CP] Check Pods Manifest.lock";
			outputPaths = (
				"$(DERIVED_FILE_DIR)/Pods-espresso-checkManifestLockResult.txt",
			);
			runOnlyForDeploymentPostprocessing = 0;
			shellPath = /bin/sh;
			shellScript = "diff \"${PODS_PODFILE_DIR_PATH}/Podfile.lock\" \"${PODS_ROOT}/Manifest.lock\" > /dev/null\nif [ $? != 0 ] ; then\n    # print error to STDERR\n    echo \"error: The sandbox is not in sync with the Podfile.lock. Run 'pod install' or update your CocoaPods installation.\" >&2\n    exit 1\nfi\n# This output is used by Xcode 'outputs' to avoid re-running this script phase.\necho \"SUCCESS\" > \"${SCRIPT_OUTPUT_FILE_0}\"\n";
			showEnvVarsInLog = 0;
		};
		FE0D833C8506564CECA5C7F0 /* [CP] Embed Pods Frameworks */ = {
			isa = PBXShellScriptBuildPhase;
			buildActionMask = 2147483647;
			files = (
			);
			inputPaths = (
				"${SRCROOT}/Pods/Target Support Files/Pods-espresso/Pods-espresso-frameworks.sh",
				"${BUILT_PRODUCTS_DIR}/GTMSessionFetcher/GTMSessionFetcher.framework",
				"${BUILT_PRODUCTS_DIR}/GoogleUtilities/GoogleUtilities.framework",
				"${BUILT_PRODUCTS_DIR}/leveldb-library/leveldb.framework",
				"${BUILT_PRODUCTS_DIR}/nanopb/nanopb.framework",
			);
			name = "[CP] Embed Pods Frameworks";
			outputPaths = (
				"${TARGET_BUILD_DIR}/${FRAMEWORKS_FOLDER_PATH}/GTMSessionFetcher.framework",
				"${TARGET_BUILD_DIR}/${FRAMEWORKS_FOLDER_PATH}/GoogleUtilities.framework",
				"${TARGET_BUILD_DIR}/${FRAMEWORKS_FOLDER_PATH}/leveldb.framework",
				"${TARGET_BUILD_DIR}/${FRAMEWORKS_FOLDER_PATH}/nanopb.framework",
			);
			runOnlyForDeploymentPostprocessing = 0;
			shellPath = /bin/sh;
			shellScript = "\"${SRCROOT}/Pods/Target Support Files/Pods-espresso/Pods-espresso-frameworks.sh\"\n";
			showEnvVarsInLog = 0;
		};
/* End PBXShellScriptBuildPhase section */

/* Begin PBXSourcesBuildPhase section */
		64C464A62193E746004D4EA7 /* Sources */ = {
			isa = PBXSourcesBuildPhase;
			buildActionMask = 2147483647;
			files = (
				64554DFC21A26BD1008B2E66 /* LoginViewController.swift in Sources */,
				64C464AE2193E747004D4EA7 /* AppDelegate.swift in Sources */,
				64E846DC219D1F9F00FD9376 /* NavigationController.swift in Sources */,
				64E846CE219D1BC400FD9376 /* AddDrinkViewController.swift in Sources */,
				64554DFE21A26DD9008B2E66 /* SignUpViewController.swift in Sources */,
				64E846D2219D1C9600FD9376 /* SpendingTabController.swift in Sources */,
				64E846D0219D1C4000FD9376 /* MainTabBarController.swift in Sources */,
				64E846D4219D1D3A00FD9376 /* CurrentViewController.swift in Sources */,
				64E846D6219D1D5A00FD9376 /* HistoryViewController.swift in Sources */,
				64E846CC219D1B7200FD9376 /* HomeViewController.swift in Sources */,
			);
			runOnlyForDeploymentPostprocessing = 0;
		};
/* End PBXSourcesBuildPhase section */

/* Begin PBXVariantGroup section */
		64C464B12193E747004D4EA7 /* Main.storyboard */ = {
			isa = PBXVariantGroup;
			children = (
				64C464B22193E747004D4EA7 /* Base */,
			);
			name = Main.storyboard;
			sourceTree = "<group>";
		};
		64C464B62193E74A004D4EA7 /* LaunchScreen.storyboard */ = {
			isa = PBXVariantGroup;
			children = (
				64C464B72193E74A004D4EA7 /* Base */,
			);
			name = LaunchScreen.storyboard;
			sourceTree = "<group>";
		};
/* End PBXVariantGroup section */

/* Begin XCBuildConfiguration section */
		64C464BA2193E74A004D4EA7 /* Debug */ = {
			isa = XCBuildConfiguration;
			buildSettings = {
				ALWAYS_SEARCH_USER_PATHS = NO;
				CLANG_ANALYZER_NONNULL = YES;
				CLANG_ANALYZER_NUMBER_OBJECT_CONVERSION = YES_AGGRESSIVE;
				CLANG_CXX_LANGUAGE_STANDARD = "gnu++14";
				CLANG_CXX_LIBRARY = "libc++";
				CLANG_ENABLE_MODULES = YES;
				CLANG_ENABLE_OBJC_ARC = YES;
				CLANG_ENABLE_OBJC_WEAK = YES;
				CLANG_WARN_BLOCK_CAPTURE_AUTORELEASING = YES;
				CLANG_WARN_BOOL_CONVERSION = YES;
				CLANG_WARN_COMMA = YES;
				CLANG_WARN_CONSTANT_CONVERSION = YES;
				CLANG_WARN_DEPRECATED_OBJC_IMPLEMENTATIONS = YES;
				CLANG_WARN_DIRECT_OBJC_ISA_USAGE = YES_ERROR;
				CLANG_WARN_DOCUMENTATION_COMMENTS = YES;
				CLANG_WARN_EMPTY_BODY = YES;
				CLANG_WARN_ENUM_CONVERSION = YES;
				CLANG_WARN_INFINITE_RECURSION = YES;
				CLANG_WARN_INT_CONVERSION = YES;
				CLANG_WARN_NON_LITERAL_NULL_CONVERSION = YES;
				CLANG_WARN_OBJC_IMPLICIT_RETAIN_SELF = YES;
				CLANG_WARN_OBJC_LITERAL_CONVERSION = YES;
				CLANG_WARN_OBJC_ROOT_CLASS = YES_ERROR;
				CLANG_WARN_RANGE_LOOP_ANALYSIS = YES;
				CLANG_WARN_STRICT_PROTOTYPES = YES;
				CLANG_WARN_SUSPICIOUS_MOVE = YES;
				CLANG_WARN_UNGUARDED_AVAILABILITY = YES_AGGRESSIVE;
				CLANG_WARN_UNREACHABLE_CODE = YES;
				CLANG_WARN__DUPLICATE_METHOD_MATCH = YES;
				CODE_SIGN_IDENTITY = "iPhone Developer";
				COPY_PHASE_STRIP = NO;
				DEBUG_INFORMATION_FORMAT = dwarf;
				ENABLE_STRICT_OBJC_MSGSEND = YES;
				ENABLE_TESTABILITY = YES;
				GCC_C_LANGUAGE_STANDARD = gnu11;
				GCC_DYNAMIC_NO_PIC = NO;
				GCC_NO_COMMON_BLOCKS = YES;
				GCC_OPTIMIZATION_LEVEL = 0;
				GCC_PREPROCESSOR_DEFINITIONS = (
					"DEBUG=1",
					"$(inherited)",
				);
				GCC_WARN_64_TO_32_BIT_CONVERSION = YES;
				GCC_WARN_ABOUT_RETURN_TYPE = YES_ERROR;
				GCC_WARN_UNDECLARED_SELECTOR = YES;
				GCC_WARN_UNINITIALIZED_AUTOS = YES_AGGRESSIVE;
				GCC_WARN_UNUSED_FUNCTION = YES;
				GCC_WARN_UNUSED_VARIABLE = YES;
				IPHONEOS_DEPLOYMENT_TARGET = 11.4;
				MTL_ENABLE_DEBUG_INFO = YES;
				ONLY_ACTIVE_ARCH = YES;
				SDKROOT = iphoneos;
				SWIFT_ACTIVE_COMPILATION_CONDITIONS = DEBUG;
				SWIFT_OPTIMIZATION_LEVEL = "-Onone";
			};
			name = Debug;
		};
		64C464BB2193E74A004D4EA7 /* Release */ = {
			isa = XCBuildConfiguration;
			buildSettings = {
				ALWAYS_SEARCH_USER_PATHS = NO;
				CLANG_ANALYZER_NONNULL = YES;
				CLANG_ANALYZER_NUMBER_OBJECT_CONVERSION = YES_AGGRESSIVE;
				CLANG_CXX_LANGUAGE_STANDARD = "gnu++14";
				CLANG_CXX_LIBRARY = "libc++";
				CLANG_ENABLE_MODULES = YES;
				CLANG_ENABLE_OBJC_ARC = YES;
				CLANG_ENABLE_OBJC_WEAK = YES;
				CLANG_WARN_BLOCK_CAPTURE_AUTORELEASING = YES;
				CLANG_WARN_BOOL_CONVERSION = YES;
				CLANG_WARN_COMMA = YES;
				CLANG_WARN_CONSTANT_CONVERSION = YES;
				CLANG_WARN_DEPRECATED_OBJC_IMPLEMENTATIONS = YES;
				CLANG_WARN_DIRECT_OBJC_ISA_USAGE = YES_ERROR;
				CLANG_WARN_DOCUMENTATION_COMMENTS = YES;
				CLANG_WARN_EMPTY_BODY = YES;
				CLANG_WARN_ENUM_CONVERSION = YES;
				CLANG_WARN_INFINITE_RECURSION = YES;
				CLANG_WARN_INT_CONVERSION = YES;
				CLANG_WARN_NON_LITERAL_NULL_CONVERSION = YES;
				CLANG_WARN_OBJC_IMPLICIT_RETAIN_SELF = YES;
				CLANG_WARN_OBJC_LITERAL_CONVERSION = YES;
				CLANG_WARN_OBJC_ROOT_CLASS = YES_ERROR;
				CLANG_WARN_RANGE_LOOP_ANALYSIS = YES;
				CLANG_WARN_STRICT_PROTOTYPES = YES;
				CLANG_WARN_SUSPICIOUS_MOVE = YES;
				CLANG_WARN_UNGUARDED_AVAILABILITY = YES_AGGRESSIVE;
				CLANG_WARN_UNREACHABLE_CODE = YES;
				CLANG_WARN__DUPLICATE_METHOD_MATCH = YES;
				CODE_SIGN_IDENTITY = "iPhone Developer";
				COPY_PHASE_STRIP = NO;
				DEBUG_INFORMATION_FORMAT = "dwarf-with-dsym";
				ENABLE_NS_ASSERTIONS = NO;
				ENABLE_STRICT_OBJC_MSGSEND = YES;
				GCC_C_LANGUAGE_STANDARD = gnu11;
				GCC_NO_COMMON_BLOCKS = YES;
				GCC_WARN_64_TO_32_BIT_CONVERSION = YES;
				GCC_WARN_ABOUT_RETURN_TYPE = YES_ERROR;
				GCC_WARN_UNDECLARED_SELECTOR = YES;
				GCC_WARN_UNINITIALIZED_AUTOS = YES_AGGRESSIVE;
				GCC_WARN_UNUSED_FUNCTION = YES;
				GCC_WARN_UNUSED_VARIABLE = YES;
				IPHONEOS_DEPLOYMENT_TARGET = 11.4;
				MTL_ENABLE_DEBUG_INFO = NO;
				SDKROOT = iphoneos;
				SWIFT_COMPILATION_MODE = wholemodule;
				SWIFT_OPTIMIZATION_LEVEL = "-O";
				VALIDATE_PRODUCT = YES;
			};
			name = Release;
		};
		64C464BD2193E74A004D4EA7 /* Debug */ = {
			isa = XCBuildConfiguration;
			baseConfigurationReference = 953BCF6ABBDDBF848BD8FA9A /* Pods-espresso.debug.xcconfig */;
			buildSettings = {
				ASSETCATALOG_COMPILER_APPICON_NAME = AppIcon;
				CODE_SIGN_STYLE = Manual;
				DEVELOPMENT_TEAM = "";
				INFOPLIST_FILE = espresso/Info.plist;
				LD_RUNPATH_SEARCH_PATHS = (
					"$(inherited)",
					"@executable_path/Frameworks",
				);
				PRODUCT_BUNDLE_IDENTIFIER = com.JenniferXie.espresso;
				PRODUCT_NAME = "$(TARGET_NAME)";
				PROVISIONING_PROFILE_SPECIFIER = "";
				SWIFT_VERSION = 4.0;
				TARGETED_DEVICE_FAMILY = "1,2";
			};
			name = Debug;
		};
		64C464BE2193E74A004D4EA7 /* Release */ = {
			isa = XCBuildConfiguration;
			baseConfigurationReference = 3F23E4129B9FEFCE7612D9F0 /* Pods-espresso.release.xcconfig */;
			buildSettings = {
				ASSETCATALOG_COMPILER_APPICON_NAME = AppIcon;
				CODE_SIGN_STYLE = Manual;
				DEVELOPMENT_TEAM = "";
				INFOPLIST_FILE = espresso/Info.plist;
				LD_RUNPATH_SEARCH_PATHS = (
					"$(inherited)",
					"@executable_path/Frameworks",
				);
				PRODUCT_BUNDLE_IDENTIFIER = com.JenniferXie.espresso;
				PRODUCT_NAME = "$(TARGET_NAME)";
				PROVISIONING_PROFILE_SPECIFIER = "";
				SWIFT_VERSION = 4.0;
				TARGETED_DEVICE_FAMILY = "1,2";
			};
			name = Release;
		};
/* End XCBuildConfiguration section */

/* Begin XCConfigurationList section */
		64C464A52193E746004D4EA7 /* Build configuration list for PBXProject "espresso" */ = {
			isa = XCConfigurationList;
			buildConfigurations = (
				64C464BA2193E74A004D4EA7 /* Debug */,
				64C464BB2193E74A004D4EA7 /* Release */,
			);
			defaultConfigurationIsVisible = 0;
			defaultConfigurationName = Release;
		};
		64C464BC2193E74A004D4EA7 /* Build configuration list for PBXNativeTarget "espresso" */ = {
			isa = XCConfigurationList;
			buildConfigurations = (
				64C464BD2193E74A004D4EA7 /* Debug */,
				64C464BE2193E74A004D4EA7 /* Release */,
			);
			defaultConfigurationIsVisible = 0;
			defaultConfigurationName = Release;
		};
/* End XCConfigurationList section */
	};
	rootObject = 64C464A22193E746004D4EA7 /* Project object */;
}
